# @generated - this file is auto-generated by `mise lock` https://mise.jdx.dev/dev-tools/mise-lock.html

lockfile_version = 2

[[tools."aqua:axodotdev/cargo-dist"]]
version = "0.33.0"
backend = "aqua:axodotdev/cargo-dist"
specifiers = ["0.33.0"]

[tools."aqua:axodotdev/cargo-dist"."platforms.linux-arm64"]
checksum = "sha256:9c554ab21a58ad46eb9b6710f89633ccb26bc2577cf4b0c2d18a5b826a31913e"
url = "https://github.com/axodotdev/cargo-dist/releases/download/v0.33.0/cargo-dist-aarch64-unknown-linux-gnu.tar.xz"
url_api = "https://api.github.com/repos/axodotdev/cargo-dist/releases/assets/556576962"
provenance = "github-attestations"

[tools."aqua:axodotdev/cargo-dist"."platforms.linux-arm64-musl"]
checksum = "sha256:4761cff5fc547ad66d1449abbf321380b0e6bd8093b1fe6593852a3314fd0c19"
url = "https://github.com/axodotdev/cargo-dist/releases/download/v0.33.0/cargo-dist-aarch64-unknown-linux-musl.tar.xz"
url_api = "https://api.github.com/repos/axodotdev/cargo-dist/releases/assets/556576967"
provenance = "github-attestations"

[tools."aqua:axodotdev/cargo-dist"."platforms.linux-x64"]
checksum = "sha256:4b3f0a5f0ebbdb798f6db649d01b32ba1518376b6f7a0502b7d92b75cc2c8293"
url = "https://github.com/axodotdev/cargo-dist/releases/download/v0.33.0/cargo-dist-x86_64-unknown-linux-gnu.tar.xz"
url_api = "https://api.github.com/repos/axodotdev/cargo-dist/releases/assets/556576992"
provenance = "github-attestations"

[tools."aqua:axodotdev/cargo-dist"."platforms.linux-x64-musl"]
checksum = "sha256:b8e95bc76c63375958173ef5ae2dbd8e9211cc1ed03cdee0899702766b4c2a2e"
url = "https://github.com/axodotdev/cargo-dist/releases/download/v0.33.0/cargo-dist-x86_64-unknown-linux-musl.tar.xz"
url_api = "https://api.github.com/repos/axodotdev/cargo-dist/releases/assets/556576998"
provenance = "github-attestations"

[tools."aqua:axodotdev/cargo-dist"."platforms.macos-arm64"]
checksum = "sha256:7b3cbe25511de01d74c0f5fcb7909edabd379bea9cfa284d93af5a3cdfa3247c"
url = "https://github.com/axodotdev/cargo-dist/releases/download/v0.33.0/cargo-dist-aarch64-apple-darwin.tar.xz"
url_api = "https://api.github.com/repos/axodotdev/cargo-dist/releases/assets/556576963"
provenance = "github-attestations"

[tools."aqua:axodotdev/cargo-dist"."platforms.macos-x64"]
checksum = "sha256:6a49bfb61bd86770d79c27f3d2b40c6b2e71cde940d3d31a6ccaaffc124d7a29"
url = "https://github.com/axodotdev/cargo-dist/releases/download/v0.33.0/cargo-dist-x86_64-apple-darwin.tar.xz"
url_api = "https://api.github.com/repos/axodotdev/cargo-dist/releases/assets/556576979"
provenance = "github-attestations"

[tools."aqua:axodotdev/cargo-dist"."platforms.windows-x64"]
checksum = "sha256:9a36d70795e14326a5ec4bf17aee085df00ab85a322739291ea5d4b1b5f693cd"
url = "https://github.com/axodotdev/cargo-dist/releases/download/v0.33.0/cargo-dist-x86_64-pc-windows-msvc.zip"
url_api = "https://api.github.com/repos/axodotdev/cargo-dist/releases/assets/556576987"
provenance = "github-attestations"

[[tools."cargo:cargo-machete"]]
version = "0.9.2"
backend = "cargo:cargo-machete"
specifiers = ["0.9.2"]

[[tools."cargo:cargo-nextest"]]
version = "0.9.145"
backend = "cargo:cargo-nextest"
specifiers = ["0.9.145"]

[[tools."cargo:cargo-sweep"]]
version = "0.8.0"
backend = "cargo:cargo-sweep"
specifiers = ["0.8.0"]

[[tools."github:EmbarkStudios/cargo-about"]]
version = "0.9.2"
backend = "github:EmbarkStudios/cargo-about"
specifiers = ["0.9.2"]

[tools."github:EmbarkStudios/cargo-about"."platforms.linux-arm64"]
checksum = "sha256:af5169282fb6f84e13471493f405437e43ac517744c9ae12fbe2cdf0a6f0e5a8"
url = "https://github.com/EmbarkStudios/cargo-about/releases/download/0.9.2/cargo-about-0.9.2-aarch64-unknown-linux-musl.tar.gz"
url_api = "https://api.github.com/repos/EmbarkStudios/cargo-about/releases/assets/519590290"

[tools."github:EmbarkStudios/cargo-about"."platforms.linux-arm64-musl"]
checksum = "sha256:af5169282fb6f84e13471493f405437e43ac517744c9ae12fbe2cdf0a6f0e5a8"
url = "https://github.com/EmbarkStudios/cargo-about/releases/download/0.9.2/cargo-about-0.9.2-aarch64-unknown-linux-musl.tar.gz"
url_api = "https://api.github.com/repos/EmbarkStudios/cargo-about/releases/assets/519590290"

[tools."github:EmbarkStudios/cargo-about"."platforms.linux-x64"]
checksum = "sha256:9099a59e820c38a68b9d65f300662a567d56562f9a10f6aa4c7e86c17c2566af"
url = "https://github.com/EmbarkStudios/cargo-about/releases/download/0.9.2/cargo-about-0.9.2-x86_64-unknown-linux-musl.tar.gz"
url_api = "https://api.github.com/repos/EmbarkStudios/cargo-about/releases/assets/519590057"

[tools."github:EmbarkStudios/cargo-about"."platforms.linux-x64-musl"]
checksum = "sha256:9099a59e820c38a68b9d65f300662a567d56562f9a10f6aa4c7e86c17c2566af"
url = "https://github.com/EmbarkStudios/cargo-about/releases/download/0.9.2/cargo-about-0.9.2-x86_64-unknown-linux-musl.tar.gz"
url_api = "https://api.github.com/repos/EmbarkStudios/cargo-about/releases/assets/519590057"

[tools."github:EmbarkStudios/cargo-about"."platforms.macos-arm64"]
checksum = "sha256:ae72f0df0c399a1e96336f696fa55b1b28679fd725632eba8cf8e4568467cc3e"
url = "https://github.com/EmbarkStudios/cargo-about/releases/download/0.9.2/cargo-about-0.9.2-aarch64-apple-darwin.tar.gz"
url_api = "https://api.github.com/repos/EmbarkStudios/cargo-about/releases/assets/519589772"

[tools."github:EmbarkStudios/cargo-about"."platforms.windows-x64"]
checksum = "sha256:1c03e5890238562497c2d89a3b75b02560af349c1fc3e713d3284f532a5cd748"
url = "https://github.com/EmbarkStudios/cargo-about/releases/download/0.9.2/cargo-about-0.9.2-x86_64-pc-windows-msvc.tar.gz"
url_api = "https://api.github.com/repos/EmbarkStudios/cargo-about/releases/assets/519591745"

[[tools.lefthook]]
version = "2.1.14"
backend = "aqua:evilmartians/lefthook"
specifiers = ["2.1.14"]

[tools.lefthook."platforms.linux-arm64"]
checksum = "sha256:2fd4b1f33aab4e4c8691a1a6a750b0638a40bdef871234cacb33781615dbf7ba"
url = "https://github.com/evilmartians/lefthook/releases/download/v2.1.14/lefthook_2.1.14_Linux_aarch64.gz"
url_api = "https://api.github.com/repos/evilmartians/lefthook/releases/assets/563149908"
provenance = "github-attestations"

[tools.lefthook."platforms.linux-arm64-musl"]
checksum = "sha256:2fd4b1f33aab4e4c8691a1a6a750b0638a40bdef871234cacb33781615dbf7ba"
url = "https://github.com/evilmartians/lefthook/releases/download/v2.1.14/lefthook_2.1.14_Linux_aarch64.gz"
url_api = "https://api.github.com/repos/evilmartians/lefthook/releases/assets/563149908"
provenance = "github-attestations"

[tools.lefthook."platforms.linux-x64"]
checksum = "sha256:2be3187101b3a2edd5edf8b546aa2e3820531c517b4cd0216601a9c06f07c42d"
url = "https://github.com/evilmartians/lefthook/releases/download/v2.1.14/lefthook_2.1.14_Linux_x86_64.gz"
url_api = "https://api.github.com/repos/evilmartians/lefthook/releases/assets/563149839"
provenance = "github-attestations"

[tools.lefthook."platforms.linux-x64-musl"]
checksum = "sha256:2be3187101b3a2edd5edf8b546aa2e3820531c517b4cd0216601a9c06f07c42d"
url = "https://github.com/evilmartians/lefthook/releases/download/v2.1.14/lefthook_2.1.14_Linux_x86_64.gz"
url_api = "https://api.github.com/repos/evilmartians/lefthook/releases/assets/563149839"
provenance = "github-attestations"

[tools.lefthook."platforms.macos-arm64"]
checksum = "sha256:398e6a23dfe2de3fc113e091dd4b592795cc8f1665acf5501856858b8056d686"
url = "https://github.com/evilmartians/lefthook/releases/download/v2.1.14/lefthook_2.1.14_MacOS_arm64.gz"
url_api = "https://api.github.com/repos/evilmartians/lefthook/releases/assets/563149840"
provenance = "github-attestations"

[tools.lefthook."platforms.macos-x64"]
checksum = "sha256:9e304cad12b3785bf45ba6085fa6a91ed45f6ff6e7dabd50cb6834959caef06a"
url = "https://github.com/evilmartians/lefthook/releases/download/v2.1.14/lefthook_2.1.14_MacOS_x86_64.gz"
url_api = "https://api.github.com/repos/evilmartians/lefthook/releases/assets/563149898"
provenance = "github-attestations"

[tools.lefthook."platforms.windows-x64"]
checksum = "sha256:61a0f47c75c741fa2788aff55f85dfa0a34307257b176cb6b20fd821ae030454"
url = "https://github.com/evilmartians/lefthook/releases/download/v2.1.14/lefthook_2.1.14_Windows_x86_64.gz"
url_api = "https://api.github.com/repos/evilmartians/lefthook/releases/assets/563149872"
provenance = "github-attestations"
